
Microsoft Visual Studio Solution File, Format Version 12.00
# Visual Studio 15
VisualStudioVersion = 15.0.27130.2010
MinimumVisualStudioVersion = 10.0.40219.1
Project("{9A19103F-16F7-4668-BE54-9A1E7A4F7556}") = "Parte01", "Parte01\Parte01.csproj", "{76B775AF-3D29-4007-AC82-F24F7FF939F2}"
EndProject
Project("{FAE04EC0-301F-11D3-BF4B-00C04F79EFBC}") = "Part01UnitTest", "Part01UnitTest\Part01UnitTest.csproj", "{21CE426F-C851-4596-A431-3CB37C06985F}"
EndProject
Project("{9A19103F-16F7-4668-BE54-9A1E7A4F7556}") = "DataAccess", "DataAccess\DataAccess.csproj", "{0EDC5D2A-CA3A-4958-8B1B-D463EC0CBE82}"
EndProject
Project("{9A19103F-16F7-4668-BE54-9A1E7A4F7556}") = "Business.Components", "Business.Components\Business.Components.csproj", "{E21B78AC-809F-424E-9FC6-E87707A4FA64}"
EndProject
Project("{9A19103F-16F7-4668-BE54-9A1E7A4F7556}") = "Parte02", "Parte02\Parte02.csproj", "{A671CA3C-AC8A-4B17-810E-862499F69B87}"
EndProject
Project("{2150E333-8FDC-42A3-9474-1A3956D46DE8}") = "Parte 01", "Parte 01", "{F1A4559D-EF3E-4CBE-AE86-C83E0562FE91}"
EndProject
Project("{2150E333-8FDC-42A3-9474-1A3956D46DE8}") = "Parte 02", "Parte 02", "{7F058BCE-2553-4179-9D9D-D758FC977A72}"
EndProject
Project("{2150E333-8FDC-42A3-9474-1A3956D46DE8}") = "01. Presentation", "01. Presentation", "{C3226E26-2A51-4C8E-8272-B88DF8ACC7A8}"
EndProject
Project("{2150E333-8FDC-42A3-9474-1A3956D46DE8}") = "02. Business", "02. Business", "{4E700252-98EE-4A03-AAA1-421547BF7C55}"
EndProject
Project("{2150E333-8FDC-42A3-9474-1A3956D46DE8}") = "04. Data Access", "04. Data Access", "{59A9D0FF-981D-481D-AFD1-7882802CB5A7}"
EndProject
Project("{2150E333-8FDC-42A3-9474-1A3956D46DE8}") = "03. Domain", "03. Domain", "{B29BAB8C-7329-448D-A08C-7B11C29CDF5A}"
EndProject
Project("{9A19103F-16F7-4668-BE54-9A1E7A4F7556}") = "Business.Services", "Business.Services\Business.Services.csproj", "{F7DB9825-E581-455C-ADC9-DD00C375FE31}"
EndProject
Project("{2150E333-8FDC-42A3-9474-1A3956D46DE8}") = "00. Cross Cutting", "00. Cross Cutting", "{8F5409D6-5F1F-47A1-88A2-F2ED0791F219}"
EndProject
Project("{9A19103F-16F7-4668-BE54-9A1E7A4F7556}") = "Domain.Models", "Domain.Models\Domain.Models.csproj", "{C6085E01-B136-47F3-841A-8883DEBAB3A8}"
EndProject
Project("{9A19103F-16F7-4668-BE54-9A1E7A4F7556}") = "Business.Entities", "Business.Entities\Business.Entities.csproj", "{4666602E-123C-4090-BBA7-376297CD3232}"
EndProject
Project("{9A19103F-16F7-4668-BE54-9A1E7A4F7556}") = "CrossCutting.Common", "CrossCutting.Common\CrossCutting.Common.csproj", "{F59C7F1F-71B5-4601-90F9-3280C7BE7A39}"
EndProject
Project("{2150E333-8FDC-42A3-9474-1A3956D46DE8}") = "05. Web Api Services", "05. Web Api Services", "{814BBB75-645E-42DC-AA6F-027D4585E3A8}"
EndProject
Project("{9A19103F-16F7-4668-BE54-9A1E7A4F7556}") = "WebServices", "WebServices\WebServices.csproj", "{5EC48A0A-0631-40C4-8374-4BFBFEE35A0D}"
EndProject
Project("{9A19103F-16F7-4668-BE54-9A1E7A4F7556}") = "CrossCutting.AutoMapper", "CrossCutting.AutoMapper\CrossCutting.AutoMapper.csproj", "{7673BB20-C4AA-48F2-8998-BDEDBB16E132}"
EndProject
Global
	GlobalSection(SolutionConfigurationPlatforms) = preSolution
		Debug|Any CPU = Debug|Any CPU
		Release|Any CPU = Release|Any CPU
	EndGlobalSection
	GlobalSection(ProjectConfigurationPlatforms) = postSolution
		{76B775AF-3D29-4007-AC82-F24F7FF939F2}.Debug|Any CPU.ActiveCfg = Debug|Any CPU
		{76B775AF-3D29-4007-AC82-F24F7FF939F2}.Debug|Any CPU.Build.0 = Debug|Any CPU
		{76B775AF-3D29-4007-AC82-F24F7FF939F2}.Release|Any CPU.ActiveCfg = Release|Any CPU
		{76B775AF-3D29-4007-AC82-F24F7FF939F2}.Release|Any CPU.Build.0 = Release|Any CPU
		{21CE426F-C851-4596-A431-3CB37C06985F}.Debug|Any CPU.ActiveCfg = Debug|Any CPU
		{21CE426F-C851-4596-A431-3CB37C06985F}.Debug|Any CPU.Build.0 = Debug|Any CPU
		{21CE426F-C851-4596-A431-3CB37C06985F}.Release|Any CPU.ActiveCfg = Release|Any CPU
		{21CE426F-C851-4596-A431-3CB37C06985F}.Release|Any CPU.Build.0 = Release|Any CPU
		{0EDC5D2A-CA3A-4958-8B1B-D463EC0CBE82}.Debug|Any CPU.ActiveCfg = Debug|Any CPU
		{0EDC5D2A-CA3A-4958-8B1B-D463EC0CBE82}.Debug|Any CPU.Build.0 = Debug|Any CPU
		{0EDC5D2A-CA3A-4958-8B1B-D463EC0CBE82}.Release|Any CPU.ActiveCfg = Release|Any CPU
		{0EDC5D2A-CA3A-4958-8B1B-D463EC0CBE82}.Release|Any CPU.Build.0 = Release|Any CPU
		{E21B78AC-809F-424E-9FC6-E87707A4FA64}.Debug|Any CPU.ActiveCfg = Debug|Any CPU
		{E21B78AC-809F-424E-9FC6-E87707A4FA64}.Debug|Any CPU.Build.0 = Debug|Any CPU
		{E21B78AC-809F-424E-9FC6-E87707A4FA64}.Release|Any CPU.ActiveCfg = Release|Any CPU
		{E21B78AC-809F-424E-9FC6-E87707A4FA64}.Release|Any CPU.Build.0 = Release|Any CPU
		{A671CA3C-AC8A-4B17-810E-862499F69B87}.Debug|Any CPU.ActiveCfg = Debug|Any CPU
		{A671CA3C-AC8A-4B17-810E-862499F69B87}.Debug|Any CPU.Build.0 = Debug|Any CPU
		{A671CA3C-AC8A-4B17-810E-862499F69B87}.Release|Any CPU.ActiveCfg = Release|Any CPU
		{A671CA3C-AC8A-4B17-810E-862499F69B87}.Release|Any CPU.Build.0 = Release|Any CPU
		{F7DB9825-E581-455C-ADC9-DD00C375FE31}.Debug|Any CPU.ActiveCfg = Debug|Any CPU
		{F7DB9825-E581-455C-ADC9-DD00C375FE31}.Debug|Any CPU.Build.0 = Debug|Any CPU
		{F7DB9825-E581-455C-ADC9-DD00C375FE31}.Release|Any CPU.ActiveCfg = Release|Any CPU
		{F7DB9825-E581-455C-ADC9-DD00C375FE31}.Release|Any CPU.Build.0 = Release|Any CPU
		{C6085E01-B136-47F3-841A-8883DEBAB3A8}.Debug|Any CPU.ActiveCfg = Debug|Any CPU
		{C6085E01-B136-47F3-841A-8883DEBAB3A8}.Debug|Any CPU.Build.0 = Debug|Any CPU
		{C6085E01-B136-47F3-841A-8883DEBAB3A8}.Release|Any CPU.ActiveCfg = Release|Any CPU
		{C6085E01-B136-47F3-841A-8883DEBAB3A8}.Release|Any CPU.Build.0 = Release|Any CPU
		{4666602E-123C-4090-BBA7-376297CD3232}.Debug|Any CPU.ActiveCfg = Debug|Any CPU
		{4666602E-123C-4090-BBA7-376297CD3232}.Debug|Any CPU.Build.0 = Debug|Any CPU
		{4666602E-123C-4090-BBA7-376297CD3232}.Release|Any CPU.ActiveCfg = Release|Any CPU
		{4666602E-123C-4090-BBA7-376297CD3232}.Release|Any CPU.Build.0 = Release|Any CPU
		{F59C7F1F-71B5-4601-90F9-3280C7BE7A39}.Debug|Any CPU.ActiveCfg = Debug|Any CPU
		{F59C7F1F-71B5-4601-90F9-3280C7BE7A39}.Debug|Any CPU.Build.0 = Debug|Any CPU
		{F59C7F1F-71B5-4601-90F9-3280C7BE7A39}.Release|Any CPU.ActiveCfg = Release|Any CPU
		{F59C7F1F-71B5-4601-90F9-3280C7BE7A39}.Release|Any CPU.Build.0 = Release|Any CPU
		{5EC48A0A-0631-40C4-8374-4BFBFEE35A0D}.Debug|Any CPU.ActiveCfg = Debug|Any CPU
		{5EC48A0A-0631-40C4-8374-4BFBFEE35A0D}.Debug|Any CPU.Build.0 = Debug|Any CPU
		{5EC48A0A-0631-40C4-8374-4BFBFEE35A0D}.Release|Any CPU.ActiveCfg = Release|Any CPU
		{5EC48A0A-0631-40C4-8374-4BFBFEE35A0D}.Release|Any CPU.Build.0 = Release|Any CPU
		{7673BB20-C4AA-48F2-8998-BDEDBB16E132}.Debug|Any CPU.ActiveCfg = Debug|Any CPU
		{7673BB20-C4AA-48F2-8998-BDEDBB16E132}.Debug|Any CPU.Build.0 = Debug|Any CPU
		{7673BB20-C4AA-48F2-8998-BDEDBB16E132}.Release|Any CPU.ActiveCfg = Release|Any CPU
		{7673BB20-C4AA-48F2-8998-BDEDBB16E132}.Release|Any CPU.Build.0 = Release|Any CPU
	EndGlobalSection
	GlobalSection(SolutionProperties) = preSolution
		HideSolutionNode = FALSE
	EndGlobalSection
	GlobalSection(NestedProjects) = preSolution
		{76B775AF-3D29-4007-AC82-F24F7FF939F2} = {F1A4559D-EF3E-4CBE-AE86-C83E0562FE91}
		{21CE426F-C851-4596-A431-3CB37C06985F} = {F1A4559D-EF3E-4CBE-AE86-C83E0562FE91}
		{0EDC5D2A-CA3A-4958-8B1B-D463EC0CBE82} = {59A9D0FF-981D-481D-AFD1-7882802CB5A7}
		{E21B78AC-809F-424E-9FC6-E87707A4FA64} = {4E700252-98EE-4A03-AAA1-421547BF7C55}
		{A671CA3C-AC8A-4B17-810E-862499F69B87} = {C3226E26-2A51-4C8E-8272-B88DF8ACC7A8}
		{C3226E26-2A51-4C8E-8272-B88DF8ACC7A8} = {7F058BCE-2553-4179-9D9D-D758FC977A72}
		{4E700252-98EE-4A03-AAA1-421547BF7C55} = {7F058BCE-2553-4179-9D9D-D758FC977A72}
		{59A9D0FF-981D-481D-AFD1-7882802CB5A7} = {7F058BCE-2553-4179-9D9D-D758FC977A72}
		{B29BAB8C-7329-448D-A08C-7B11C29CDF5A} = {7F058BCE-2553-4179-9D9D-D758FC977A72}
		{F7DB9825-E581-455C-ADC9-DD00C375FE31} = {4E700252-98EE-4A03-AAA1-421547BF7C55}
		{8F5409D6-5F1F-47A1-88A2-F2ED0791F219} = {7F058BCE-2553-4179-9D9D-D758FC977A72}
		{C6085E01-B136-47F3-841A-8883DEBAB3A8} = {B29BAB8C-7329-448D-A08C-7B11C29CDF5A}
		{4666602E-123C-4090-BBA7-376297CD3232} = {B29BAB8C-7329-448D-A08C-7B11C29CDF5A}
		{F59C7F1F-71B5-4601-90F9-3280C7BE7A39} = {8F5409D6-5F1F-47A1-88A2-F2ED0791F219}
		{814BBB75-645E-42DC-AA6F-027D4585E3A8} = {7F058BCE-2553-4179-9D9D-D758FC977A72}
		{5EC48A0A-0631-40C4-8374-4BFBFEE35A0D} = {814BBB75-645E-42DC-AA6F-027D4585E3A8}
		{7673BB20-C4AA-48F2-8998-BDEDBB16E132} = {8F5409D6-5F1F-47A1-88A2-F2ED0791F219}
	EndGlobalSection
	GlobalSection(ExtensibilityGlobals) = postSolution
		SolutionGuid = {15A1C2B8-58D1-47FE-8881-5ACEDC36C3FB}
	EndGlobalSection
EndGlobal
