
Microsoft Visual Studio Solution File, Format Version 12.00
# Visual Studio 15
VisualStudioVersion = 15.0.27130.2010
MinimumVisualStudioVersion = 10.0.40219.1
Project("{9A19103F-16F7-4668-BE54-9A1E7A4F7556}") = "Parte01", "Parte01\Parte01.csproj", "{76B775AF-3D29-4007-AC82-F24F7FF939F2}"
EndProject
Project("{FAE04EC0-301F-11D3-BF4B-00C04F79EFBC}") = "Part01UnitTest", "Part01UnitTest\Part01UnitTest.csproj", "{21CE426F-C851-4596-A431-3CB37C06985F}"
EndProject
Global
	GlobalSection(SolutionConfigurationPlatforms) = preSolution
		Debug|Any CPU = Debug|Any CPU
		Release|Any CPU = Release|Any CPU
	EndGlobalSection
	GlobalSection(ProjectConfigurationPlatforms) = postSolution
		{76B775AF-3D29-4007-AC82-F24F7FF939F2}.Debug|Any CPU.ActiveCfg = Debug|Any CPU
		{76B775AF-3D29-4007-AC82-F24F7FF939F2}.Debug|Any CPU.Build.0 = Debug|Any CPU
		{76B775AF-3D29-4007-AC82-F24F7FF939F2}.Release|Any CPU.ActiveCfg = Release|Any CPU
		{76B775AF-3D29-4007-AC82-F24F7FF939F2}.Release|Any CPU.Build.0 = Release|Any CPU
		{21CE426F-C851-4596-A431-3CB37C06985F}.Debug|Any CPU.ActiveCfg = Debug|Any CPU
		{21CE426F-C851-4596-A431-3CB37C06985F}.Debug|Any CPU.Build.0 = Debug|Any CPU
		{21CE426F-C851-4596-A431-3CB37C06985F}.Release|Any CPU.ActiveCfg = Release|Any CPU
		{21CE426F-C851-4596-A431-3CB37C06985F}.Release|Any CPU.Build.0 = Release|Any CPU
	EndGlobalSection
	GlobalSection(SolutionProperties) = preSolution
		HideSolutionNode = FALSE
	EndGlobalSection
	GlobalSection(ExtensibilityGlobals) = postSolution
		SolutionGuid = {15A1C2B8-58D1-47FE-8881-5ACEDC36C3FB}
	EndGlobalSection
EndGlobal
